<Solution>
  <Project Path="Hotel.API/Hotel.API.csproj" />
  <Project Path="Hotel.Application/Hotel.Application.csproj" />
  <Project Path="Hotel.Domain/Hotel.Domain.csproj" />
  <Project Path="Hotel.Infrastructure/Hotel.Infrastructure.csproj" />
  <Project Path="HotelReservationSystem/HotelReservationSystem.csproj" />
</Solution>
